
Microsoft Visual Studio Solution File, Format Version 11.00
# Visual Studio 2010
Project("{FAE04EC0-301F-11D3-BF4B-00C04F79EFBC}") = "Assembly-CSharp", "Assembly-CSharp.csproj", "{d00059e1-a3b9-16f7-c599-1f4e684bed1b}"
EndProject
Project("{FAE04EC0-301F-11D3-BF4B-00C04F79EFBC}") = "Assembly-CSharp-Editor", "Assembly-CSharp-Editor.csproj", "{ef9e80cc-4e6f-afa9-5c22-ad5bb86c0550}"
EndProject
Global
	GlobalSection(SolutionConfigurationPlatforms) = preSolution
		Debug|Any CPU = Debug|Any CPU
	EndGlobalSection
	GlobalSection(ProjectConfigurationPlatforms) = postSolution
		{d00059e1-a3b9-16f7-c599-1f4e684bed1b}.Debug|Any CPU.ActiveCfg = Debug|Any CPU
		{d00059e1-a3b9-16f7-c599-1f4e684bed1b}.Debug|Any CPU.Build.0 = Debug|Any CPU
		{ef9e80cc-4e6f-afa9-5c22-ad5bb86c0550}.Debug|Any CPU.ActiveCfg = Debug|Any CPU
		{ef9e80cc-4e6f-afa9-5c22-ad5bb86c0550}.Debug|Any CPU.Build.0 = Debug|Any CPU
	EndGlobalSection
	GlobalSection(SolutionProperties) = preSolution
		HideSolutionNode = FALSE
	EndGlobalSection
EndGlobal
